// !$*UTF8*$!
{
	archiveVersion = 1;
	classes = {
	};
	objectVersion = 50;
	objects = {

/* Begin PBXBuildFile section */
		581F70B92373E6D400AE89AC /* ClimbStairsTest.swift in Sources */ = {isa = PBXBuildFile; fileRef = 581F70B82373E6D400AE89AC /* ClimbStairsTest.swift */; };
		581F70BB2373E6E100AE89AC /* ClimbStairs1.swift in Sources */ = {isa = PBXBuildFile; fileRef = 581F70BA2373E6E100AE89AC /* ClimbStairs1.swift */; };
		586B1802237A380300EE94F4 /* ReverseLinkedListTest.swift in Sources */ = {isa = PBXBuildFile; fileRef = 586B1801237A380300EE94F4 /* ReverseLinkedListTest.swift */; };
		586B1804237A384400EE94F4 /* ReverseLinkedList1.swift in Sources */ = {isa = PBXBuildFile; fileRef = 586B1803237A384400EE94F4 /* ReverseLinkedList1.swift */; };
		586B181E237A80A400EE94F4 /* SwapNodesInPairsDemo.swift in Sources */ = {isa = PBXBuildFile; fileRef = 586B181D237A80A400EE94F4 /* SwapNodesInPairsDemo.swift */; };
		586B1820237A80AE00EE94F4 /* SwapNodesInPairs1.swift in Sources */ = {isa = PBXBuildFile; fileRef = 586B181F237A80AE00EE94F4 /* SwapNodesInPairs1.swift */; };
		588CE0C523730CBE0097D086 /* main.swift in Sources */ = {isa = PBXBuildFile; fileRef = 588CE0C423730CBE0097D086 /* main.swift */; };
		588CE0CE237315200097D086 /* TwoSum1.swift in Sources */ = {isa = PBXBuildFile; fileRef = 588CE0CD237315200097D086 /* TwoSum1.swift */; };
		588CE0D0237315480097D086 /* TwoSumTest.swift in Sources */ = {isa = PBXBuildFile; fileRef = 588CE0CF237315480097D086 /* TwoSumTest.swift */; };
		58E54F7F2375412400EAE361 /* ThreeSumTest.swift in Sources */ = {isa = PBXBuildFile; fileRef = 58E54F7E2375412400EAE361 /* ThreeSumTest.swift */; };
		58E54F812375413800EAE361 /* ThreeSum1.swift in Sources */ = {isa = PBXBuildFile; fileRef = 58E54F802375413800EAE361 /* ThreeSum1.swift */; };
		58E671AA2373A684008C0F4E /* TwoSum2.swift in Sources */ = {isa = PBXBuildFile; fileRef = 58E671A92373A684008C0F4E /* TwoSum2.swift */; };
		58E671AD2373A7EF008C0F4E /* MoveZeroesTest.swift in Sources */ = {isa = PBXBuildFile; fileRef = 58E671AC2373A7EF008C0F4E /* MoveZeroesTest.swift */; };
		58E671AF2373A7FD008C0F4E /* MoveZeroes1.swift in Sources */ = {isa = PBXBuildFile; fileRef = 58E671AE2373A7FD008C0F4E /* MoveZeroes1.swift */; };
		58E671B12373A80D008C0F4E /* MoveZeroes2.swift in Sources */ = {isa = PBXBuildFile; fileRef = 58E671B02373A80D008C0F4E /* MoveZeroes2.swift */; };
		58E671B42373AD18008C0F4E /* ContainerWithMostWaterTest.swift in Sources */ = {isa = PBXBuildFile; fileRef = 58E671B32373AD18008C0F4E /* ContainerWithMostWaterTest.swift */; };
		58E671B62373AD24008C0F4E /* ContainerWithMostWater1.swift in Sources */ = {isa = PBXBuildFile; fileRef = 58E671B52373AD24008C0F4E /* ContainerWithMostWater1.swift */; };
		58E671B82373ADA0008C0F4E /* ContainerWithMostWater2.swift in Sources */ = {isa = PBXBuildFile; fileRef = 58E671B72373ADA0008C0F4E /* ContainerWithMostWater2.swift */; };
/* End PBXBuildFile section */

/* Begin PBXCopyFilesBuildPhase section */
		588CE0BF23730CBE0097D086 /* CopyFiles */ = {
			isa = PBXCopyFilesBuildPhase;
			buildActionMask = 2147483647;
			dstPath = /usr/share/man/man1/;
			dstSubfolderSpec = 0;
			files = (
			);
			runOnlyForDeploymentPostprocessing = 1;
		};
/* End PBXCopyFilesBuildPhase section */

/* Begin PBXFileReference section */
		581F70B82373E6D400AE89AC /* ClimbStairsTest.swift */ = {isa = PBXFileReference; lastKnownFileType = sourcecode.swift; path = ClimbStairsTest.swift; sourceTree = "<group>"; };
		581F70BA2373E6E100AE89AC /* ClimbStairs1.swift */ = {isa = PBXFileReference; lastKnownFileType = sourcecode.swift; path = ClimbStairs1.swift; sourceTree = "<group>"; };
		586B1801237A380300EE94F4 /* ReverseLinkedListTest.swift */ = {isa = PBXFileReference; lastKnownFileType = sourcecode.swift; path = ReverseLinkedListTest.swift; sourceTree = "<group>"; };
		586B1803237A384400EE94F4 /* ReverseLinkedList1.swift */ = {isa = PBXFileReference; lastKnownFileType = sourcecode.swift; path = ReverseLinkedList1.swift; sourceTree = "<group>"; };
		586B181D237A80A400EE94F4 /* SwapNodesInPairsDemo.swift */ = {isa = PBXFileReference; lastKnownFileType = sourcecode.swift; path = SwapNodesInPairsDemo.swift; sourceTree = "<group>"; };
		586B181F237A80AE00EE94F4 /* SwapNodesInPairs1.swift */ = {isa = PBXFileReference; lastKnownFileType = sourcecode.swift; path = SwapNodesInPairs1.swift; sourceTree = "<group>"; };
		586B1824237A81B400EE94F4 /* XCTest.framework */ = {isa = PBXFileReference; lastKnownFileType = wrapper.framework; name = XCTest.framework; path = Platforms/MacOSX.platform/Developer/Library/Frameworks/XCTest.framework; sourceTree = DEVELOPER_DIR; };
		586B182E237A824300EE94F4 /* Test.swift */ = {isa = PBXFileReference; lastKnownFileType = sourcecode.swift; path = Test.swift; sourceTree = "<group>"; };
		586B1830237A824300EE94F4 /* Info.plist */ = {isa = PBXFileReference; lastKnownFileType = text.plist.xml; path = Info.plist; sourceTree = "<group>"; };
		588CE0C123730CBE0097D086 /* LeetCode */ = {isa = PBXFileReference; explicitFileType = "compiled.mach-o.executable"; includeInIndex = 0; path = LeetCode; sourceTree = BUILT_PRODUCTS_DIR; };
		588CE0C423730CBE0097D086 /* main.swift */ = {isa = PBXFileReference; lastKnownFileType = sourcecode.swift; path = main.swift; sourceTree = "<group>"; };
		588CE0CD237315200097D086 /* TwoSum1.swift */ = {isa = PBXFileReference; lastKnownFileType = sourcecode.swift; path = TwoSum1.swift; sourceTree = "<group>"; };
		588CE0CF237315480097D086 /* TwoSumTest.swift */ = {isa = PBXFileReference; lastKnownFileType = sourcecode.swift; path = TwoSumTest.swift; sourceTree = "<group>"; };
		58E54F7E2375412400EAE361 /* ThreeSumTest.swift */ = {isa = PBXFileReference; lastKnownFileType = sourcecode.swift; path = ThreeSumTest.swift; sourceTree = "<group>"; };
		58E54F802375413800EAE361 /* ThreeSum1.swift */ = {isa = PBXFileReference; lastKnownFileType = sourcecode.swift; path = ThreeSum1.swift; sourceTree = "<group>"; };
		58E671A92373A684008C0F4E /* TwoSum2.swift */ = {isa = PBXFileReference; lastKnownFileType = sourcecode.swift; path = TwoSum2.swift; sourceTree = "<group>"; };
		58E671AC2373A7EF008C0F4E /* MoveZeroesTest.swift */ = {isa = PBXFileReference; lastKnownFileType = sourcecode.swift; path = MoveZeroesTest.swift; sourceTree = "<group>"; };
		58E671AE2373A7FD008C0F4E /* MoveZeroes1.swift */ = {isa = PBXFileReference; lastKnownFileType = sourcecode.swift; path = MoveZeroes1.swift; sourceTree = "<group>"; };
		58E671B02373A80D008C0F4E /* MoveZeroes2.swift */ = {isa = PBXFileReference; lastKnownFileType = sourcecode.swift; path = MoveZeroes2.swift; sourceTree = "<group>"; };
		58E671B32373AD18008C0F4E /* ContainerWithMostWaterTest.swift */ = {isa = PBXFileReference; lastKnownFileType = sourcecode.swift; path = ContainerWithMostWaterTest.swift; sourceTree = "<group>"; };
		58E671B52373AD24008C0F4E /* ContainerWithMostWater1.swift */ = {isa = PBXFileReference; lastKnownFileType = sourcecode.swift; path = ContainerWithMostWater1.swift; sourceTree = "<group>"; };
		58E671B72373ADA0008C0F4E /* ContainerWithMostWater2.swift */ = {isa = PBXFileReference; lastKnownFileType = sourcecode.swift; path = ContainerWithMostWater2.swift; sourceTree = "<group>"; };
/* End PBXFileReference section */

/* Begin PBXFrameworksBuildPhase section */
		588CE0BE23730CBE0097D086 /* Frameworks */ = {
			isa = PBXFrameworksBuildPhase;
			buildActionMask = 2147483647;
			files = (
			);
			runOnlyForDeploymentPostprocessing = 0;
		};
/* End PBXFrameworksBuildPhase section */

/* Begin PBXGroup section */
		581F70B72373E6B400AE89AC /* ClimbStairs */ = {
			isa = PBXGroup;
			children = (
				581F70B82373E6D400AE89AC /* ClimbStairsTest.swift */,
				581F70BA2373E6E100AE89AC /* ClimbStairs1.swift */,
			);
			path = ClimbStairs;
			sourceTree = "<group>";
		};
		586B1800237A37E300EE94F4 /* ReverseLinkedList */ = {
			isa = PBXGroup;
			children = (
				586B1801237A380300EE94F4 /* ReverseLinkedListTest.swift */,
				586B1803237A384400EE94F4 /* ReverseLinkedList1.swift */,
			);
			path = ReverseLinkedList;
			sourceTree = "<group>";
		};
		586B181C237A809200EE94F4 /* SwapNodesInPairs */ = {
			isa = PBXGroup;
			children = (
				586B181D237A80A400EE94F4 /* SwapNodesInPairsDemo.swift */,
				586B181F237A80AE00EE94F4 /* SwapNodesInPairs1.swift */,
			);
			path = SwapNodesInPairs;
			sourceTree = "<group>";
		};
		586B1823237A81B400EE94F4 /* Frameworks */ = {
			isa = PBXGroup;
			children = (
				586B1824237A81B400EE94F4 /* XCTest.framework */,
			);
			name = Frameworks;
			sourceTree = "<group>";
		};
		586B182D237A824300EE94F4 /* Test */ = {
			isa = PBXGroup;
			children = (
				586B182E237A824300EE94F4 /* Test.swift */,
				586B1830237A824300EE94F4 /* Info.plist */,
			);
			path = Test;
			sourceTree = "<group>";
		};
		588CE0B823730CBE0097D086 = {
			isa = PBXGroup;
			children = (
				588CE0C323730CBE0097D086 /* LeetCode */,
				586B182D237A824300EE94F4 /* Test */,
				588CE0C223730CBE0097D086 /* Products */,
				586B1823237A81B400EE94F4 /* Frameworks */,
			);
			sourceTree = "<group>";
		};
		588CE0C223730CBE0097D086 /* Products */ = {
			isa = PBXGroup;
			children = (
				588CE0C123730CBE0097D086 /* LeetCode */,
			);
			name = Products;
			sourceTree = "<group>";
		};
		588CE0C323730CBE0097D086 /* LeetCode */ = {
			isa = PBXGroup;
			children = (
				588CE0C423730CBE0097D086 /* main.swift */,
				586B181C237A809200EE94F4 /* SwapNodesInPairs */,
				586B1800237A37E300EE94F4 /* ReverseLinkedList */,
				58E54F7D237540E400EAE361 /* ThreeSum */,
				581F70B72373E6B400AE89AC /* ClimbStairs */,
				58E671B22373AD0A008C0F4E /* ContainerWithMostWater */,
				58E671AB2373A7DC008C0F4E /* MoveZeroes */,
				588CE0CC237314F20097D086 /* TwoSum */,
			);
			path = LeetCode;
			sourceTree = "<group>";
		};
		588CE0CC237314F20097D086 /* TwoSum */ = {
			isa = PBXGroup;
			children = (
				588CE0CF237315480097D086 /* TwoSumTest.swift */,
				588CE0CD237315200097D086 /* TwoSum1.swift */,
				58E671A92373A684008C0F4E /* TwoSum2.swift */,
			);
			path = TwoSum;
			sourceTree = "<group>";
		};
		58E54F7D237540E400EAE361 /* ThreeSum */ = {
			isa = PBXGroup;
			children = (
				58E54F7E2375412400EAE361 /* ThreeSumTest.swift */,
				58E54F802375413800EAE361 /* ThreeSum1.swift */,
			);
			path = ThreeSum;
			sourceTree = "<group>";
		};
		58E671AB2373A7DC008C0F4E /* MoveZeroes */ = {
			isa = PBXGroup;
			children = (
				58E671AC2373A7EF008C0F4E /* MoveZeroesTest.swift */,
				58E671AE2373A7FD008C0F4E /* MoveZeroes1.swift */,
				58E671B02373A80D008C0F4E /* MoveZeroes2.swift */,
			);
			path = MoveZeroes;
			sourceTree = "<group>";
		};
		58E671B22373AD0A008C0F4E /* ContainerWithMostWater */ = {
			isa = PBXGroup;
			children = (
				58E671B32373AD18008C0F4E /* ContainerWithMostWaterTest.swift */,
				58E671B52373AD24008C0F4E /* ContainerWithMostWater1.swift */,
				58E671B72373ADA0008C0F4E /* ContainerWithMostWater2.swift */,
			);
			path = ContainerWithMostWater;
			sourceTree = "<group>";
		};
/* End PBXGroup section */

/* Begin PBXNativeTarget section */
		588CE0C023730CBE0097D086 /* LeetCode */ = {
			isa = PBXNativeTarget;
			buildConfigurationList = 588CE0C823730CBE0097D086 /* Build configuration list for PBXNativeTarget "LeetCode" */;
			buildPhases = (
				588CE0BD23730CBE0097D086 /* Sources */,
				588CE0BE23730CBE0097D086 /* Frameworks */,
				588CE0BF23730CBE0097D086 /* CopyFiles */,
			);
			buildRules = (
			);
			dependencies = (
			);
			name = LeetCode;
			productName = LeetCode;
			productReference = 588CE0C123730CBE0097D086 /* LeetCode */;
			productType = "com.apple.product-type.tool";
		};
/* End PBXNativeTarget section */

/* Begin PBXProject section */
		588CE0B923730CBE0097D086 /* Project object */ = {
			isa = PBXProject;
			attributes = {
				LastSwiftUpdateCheck = 1120;
				LastUpgradeCheck = 1120;
				ORGANIZATIONNAME = ZhouMin;
				TargetAttributes = {
					588CE0C023730CBE0097D086 = {
						CreatedOnToolsVersion = 11.2;
					};
				};
			};
			buildConfigurationList = 588CE0BC23730CBE0097D086 /* Build configuration list for PBXProject "LeetCode" */;
			compatibilityVersion = "Xcode 9.3";
			developmentRegion = en;
			hasScannedForEncodings = 0;
			knownRegions = (
				en,
				Base,
			);
			mainGroup = 588CE0B823730CBE0097D086;
			productRefGroup = 588CE0C223730CBE0097D086 /* Products */;
			projectDirPath = "";
			projectRoot = "";
			targets = (
				588CE0C023730CBE0097D086 /* LeetCode */,
			);
		};
/* End PBXProject section */

/* Begin PBXSourcesBuildPhase section */
		588CE0BD23730CBE0097D086 /* Sources */ = {
			isa = PBXSourcesBuildPhase;
			buildActionMask = 2147483647;
			files = (
				58E671B42373AD18008C0F4E /* ContainerWithMostWaterTest.swift in Sources */,
				588CE0CE237315200097D086 /* TwoSum1.swift in Sources */,
				58E671AA2373A684008C0F4E /* TwoSum2.swift in Sources */,
				586B181E237A80A400EE94F4 /* SwapNodesInPairsDemo.swift in Sources */,
				586B1804237A384400EE94F4 /* ReverseLinkedList1.swift in Sources */,
				588CE0C523730CBE0097D086 /* main.swift in Sources */,
				58E54F812375413800EAE361 /* ThreeSum1.swift in Sources */,
				58E671B62373AD24008C0F4E /* ContainerWithMostWater1.swift in Sources */,
				58E671AD2373A7EF008C0F4E /* MoveZeroesTest.swift in Sources */,
				581F70B92373E6D400AE89AC /* ClimbStairsTest.swift in Sources */,
				58E671AF2373A7FD008C0F4E /* MoveZeroes1.swift in Sources */,
				588CE0D0237315480097D086 /* TwoSumTest.swift in Sources */,
				586B1802237A380300EE94F4 /* ReverseLinkedListTest.swift in Sources */,
				58E671B12373A80D008C0F4E /* MoveZeroes2.swift in Sources */,
				58E54F7F2375412400EAE361 /* ThreeSumTest.swift in Sources */,
				586B1820237A80AE00EE94F4 /* SwapNodesInPairs1.swift in Sources */,
				58E671B82373ADA0008C0F4E /* ContainerWithMostWater2.swift in Sources */,
				581F70BB2373E6E100AE89AC /* ClimbStairs1.swift in Sources */,
			);
			runOnlyForDeploymentPostprocessing = 0;
		};
/* End PBXSourcesBuildPhase section */

/* Begin XCBuildConfiguration section */
		588CE0C623730CBE0097D086 /* Debug */ = {
			isa = XCBuildConfiguration;
			buildSettings = {
				ALWAYS_SEARCH_USER_PATHS = NO;
				CLANG_ANALYZER_NONNULL = YES;
				CLANG_ANALYZER_NUMBER_OBJECT_CONVERSION = YES_AGGRESSIVE;
				CLANG_CXX_LANGUAGE_STANDARD = "gnu++14";
				CLANG_CXX_LIBRARY = "libc++";
				CLANG_ENABLE_MODULES = YES;
				CLANG_ENABLE_OBJC_ARC = YES;
				CLANG_ENABLE_OBJC_WEAK = YES;
				CLANG_WARN_BLOCK_CAPTURE_AUTORELEASING = YES;
				CLANG_WARN_BOOL_CONVERSION = YES;
				CLANG_WARN_COMMA = YES;
				CLANG_WARN_CONSTANT_CONVERSION = YES;
				CLANG_WARN_DEPRECATED_OBJC_IMPLEMENTATIONS = YES;
				CLANG_WARN_DIRECT_OBJC_ISA_USAGE = YES_ERROR;
				CLANG_WARN_DOCUMENTATION_COMMENTS = YES;
				CLANG_WARN_EMPTY_BODY = YES;
				CLANG_WARN_ENUM_CONVERSION = YES;
				CLANG_WARN_INFINITE_RECURSION = YES;
				CLANG_WARN_INT_CONVERSION = YES;
				CLANG_WARN_NON_LITERAL_NULL_CONVERSION = YES;
				CLANG_WARN_OBJC_IMPLICIT_RETAIN_SELF = YES;
				CLANG_WARN_OBJC_LITERAL_CONVERSION = YES;
				CLANG_WARN_OBJC_ROOT_CLASS = YES_ERROR;
				CLANG_WARN_RANGE_LOOP_ANALYSIS = YES;
				CLANG_WARN_STRICT_PROTOTYPES = YES;
				CLANG_WARN_SUSPICIOUS_MOVE = YES;
				CLANG_WARN_UNGUARDED_AVAILABILITY = YES_AGGRESSIVE;
				CLANG_WARN_UNREACHABLE_CODE = YES;
				CLANG_WARN__DUPLICATE_METHOD_MATCH = YES;
				COPY_PHASE_STRIP = NO;
				DEBUG_INFORMATION_FORMAT = dwarf;
				ENABLE_STRICT_OBJC_MSGSEND = YES;
				ENABLE_TESTABILITY = YES;
				GCC_C_LANGUAGE_STANDARD = gnu11;
				GCC_DYNAMIC_NO_PIC = NO;
				GCC_NO_COMMON_BLOCKS = YES;
				GCC_OPTIMIZATION_LEVEL = 0;
				GCC_PREPROCESSOR_DEFINITIONS = (
					"DEBUG=1",
					"$(inherited)",
				);
				GCC_WARN_64_TO_32_BIT_CONVERSION = YES;
				GCC_WARN_ABOUT_RETURN_TYPE = YES_ERROR;
				GCC_WARN_UNDECLARED_SELECTOR = YES;
				GCC_WARN_UNINITIALIZED_AUTOS = YES_AGGRESSIVE;
				GCC_WARN_UNUSED_FUNCTION = YES;
				GCC_WARN_UNUSED_VARIABLE = YES;
				MACOSX_DEPLOYMENT_TARGET = 10.15;
				MTL_ENABLE_DEBUG_INFO = INCLUDE_SOURCE;
				MTL_FAST_MATH = YES;
				ONLY_ACTIVE_ARCH = YES;
				SDKROOT = macosx;
				SWIFT_ACTIVE_COMPILATION_CONDITIONS = DEBUG;
				SWIFT_OPTIMIZATION_LEVEL = "-Onone";
			};
			name = Debug;
		};
		588CE0C723730CBE0097D086 /* Release */ = {
			isa = XCBuildConfiguration;
			buildSettings = {
				ALWAYS_SEARCH_USER_PATHS = NO;
				CLANG_ANALYZER_NONNULL = YES;
				CLANG_ANALYZER_NUMBER_OBJECT_CONVERSION = YES_AGGRESSIVE;
				CLANG_CXX_LANGUAGE_STANDARD = "gnu++14";
				CLANG_CXX_LIBRARY = "libc++";
				CLANG_ENABLE_MODULES = YES;
				CLANG_ENABLE_OBJC_ARC = YES;
				CLANG_ENABLE_OBJC_WEAK = YES;
				CLANG_WARN_BLOCK_CAPTURE_AUTORELEASING = YES;
				CLANG_WARN_BOOL_CONVERSION = YES;
				CLANG_WARN_COMMA = YES;
				CLANG_WARN_CONSTANT_CONVERSION = YES;
				CLANG_WARN_DEPRECATED_OBJC_IMPLEMENTATIONS = YES;
				CLANG_WARN_DIRECT_OBJC_ISA_USAGE = YES_ERROR;
				CLANG_WARN_DOCUMENTATION_COMMENTS = YES;
				CLANG_WARN_EMPTY_BODY = YES;
				CLANG_WARN_ENUM_CONVERSION = YES;
				CLANG_WARN_INFINITE_RECURSION = YES;
				CLANG_WARN_INT_CONVERSION = YES;
				CLANG_WARN_NON_LITERAL_NULL_CONVERSION = YES;
				CLANG_WARN_OBJC_IMPLICIT_RETAIN_SELF = YES;
				CLANG_WARN_OBJC_LITERAL_CONVERSION = YES;
				CLANG_WARN_OBJC_ROOT_CLASS = YES_ERROR;
				CLANG_WARN_RANGE_LOOP_ANALYSIS = YES;
				CLANG_WARN_STRICT_PROTOTYPES = YES;
				CLANG_WARN_SUSPICIOUS_MOVE = YES;
				CLANG_WARN_UNGUARDED_AVAILABILITY = YES_AGGRESSIVE;
				CLANG_WARN_UNREACHABLE_CODE = YES;
				CLANG_WARN__DUPLICATE_METHOD_MATCH = YES;
				COPY_PHASE_STRIP = NO;
				DEBUG_INFORMATION_FORMAT = "dwarf-with-dsym";
				ENABLE_NS_ASSERTIONS = NO;
				ENABLE_STRICT_OBJC_MSGSEND = YES;
				GCC_C_LANGUAGE_STANDARD = gnu11;
				GCC_NO_COMMON_BLOCKS = YES;
				GCC_WARN_64_TO_32_BIT_CONVERSION = YES;
				GCC_WARN_ABOUT_RETURN_TYPE = YES_ERROR;
				GCC_WARN_UNDECLARED_SELECTOR = YES;
				GCC_WARN_UNINITIALIZED_AUTOS = YES_AGGRESSIVE;
				GCC_WARN_UNUSED_FUNCTION = YES;
				GCC_WARN_UNUSED_VARIABLE = YES;
				MACOSX_DEPLOYMENT_TARGET = 10.15;
				MTL_ENABLE_DEBUG_INFO = NO;
				MTL_FAST_MATH = YES;
				SDKROOT = macosx;
				SWIFT_COMPILATION_MODE = wholemodule;
				SWIFT_OPTIMIZATION_LEVEL = "-O";
			};
			name = Release;
		};
		588CE0C923730CBE0097D086 /* Debug */ = {
			isa = XCBuildConfiguration;
			buildSettings = {
				CODE_SIGN_STYLE = Automatic;
				PRODUCT_NAME = "$(TARGET_NAME)";
				SWIFT_VERSION = 5.0;
			};
			name = Debug;
		};
		588CE0CA23730CBE0097D086 /* Release */ = {
			isa = XCBuildConfiguration;
			buildSettings = {
				CODE_SIGN_STYLE = Automatic;
				PRODUCT_NAME = "$(TARGET_NAME)";
				SWIFT_VERSION = 5.0;
			};
			name = Release;
		};
/* End XCBuildConfiguration section */

/* Begin XCConfigurationList section */
		588CE0BC23730CBE0097D086 /* Build configuration list for PBXProject "LeetCode" */ = {
			isa = XCConfigurationList;
			buildConfigurations = (
				588CE0C623730CBE0097D086 /* Debug */,
				588CE0C723730CBE0097D086 /* Release */,
			);
			defaultConfigurationIsVisible = 0;
			defaultConfigurationName = Release;
		};
		588CE0C823730CBE0097D086 /* Build configuration list for PBXNativeTarget "LeetCode" */ = {
			isa = XCConfigurationList;
			buildConfigurations = (
				588CE0C923730CBE0097D086 /* Debug */,
				588CE0CA23730CBE0097D086 /* Release */,
			);
			defaultConfigurationIsVisible = 0;
			defaultConfigurationName = Release;
		};
/* End XCConfigurationList section */
	};
	rootObject = 588CE0B923730CBE0097D086 /* Project object */;
}
